
Microsoft Visual Studio Solution File, Format Version 12.00
# Visual Studio Version 16
VisualStudioVersion = 16.0.809.10
MinimumVisualStudioVersion = 10.0.40219.1
Project("{FAE04EC0-301F-11D3-BF4B-00C04F79EFBC}") = "Invertapp", "Invertapp\Invertapp.csproj", "{A194749C-8D25-46EA-BEAF-26EEF799A73B}"
EndProject
Global
	GlobalSection(SolutionConfigurationPlatforms) = preSolution
		Debug|Any CPU = Debug|Any CPU
		Release|Any CPU = Release|Any CPU
	EndGlobalSection
	GlobalSection(ProjectConfigurationPlatforms) = postSolution
		{A194749C-8D25-46EA-BEAF-26EEF799A73B}.Debug|Any CPU.ActiveCfg = Debug|Any CPU
		{A194749C-8D25-46EA-BEAF-26EEF799A73B}.Debug|Any CPU.Build.0 = Debug|Any CPU
		{A194749C-8D25-46EA-BEAF-26EEF799A73B}.Release|Any CPU.ActiveCfg = Release|Any CPU
		{A194749C-8D25-46EA-BEAF-26EEF799A73B}.Release|Any CPU.Build.0 = Release|Any CPU
	EndGlobalSection
	GlobalSection(SolutionProperties) = preSolution
		HideSolutionNode = FALSE
	EndGlobalSection
	GlobalSection(ExtensibilityGlobals) = postSolution
		SolutionGuid = {4B8036DB-3956-4DD8-A4F5-F009C28D0A7E}
	EndGlobalSection
EndGlobal
